
Microsoft Visual Studio Solution File, Format Version 12.00
# Visual Studio Version 17
VisualStudioVersion = 17.2.32616.157
MinimumVisualStudioVersion = 10.0.40219.1
Project("{9A19103F-16F7-4668-BE54-9A1E7A4F7556}") = "TeaTimeCounter", "TeaTimeCounter\TeaTimeCounter.csproj", "{A757E721-94AD-4FDC-863D-C061A6A82783}"
EndProject
Global
	GlobalSection(SolutionConfigurationPlatforms) = preSolution
		Debug|Any CPU = Debug|Any CPU
		Release|Any CPU = Release|Any CPU
	EndGlobalSection
	GlobalSection(ProjectConfigurationPlatforms) = postSolution
		{A757E721-94AD-4FDC-863D-C061A6A82783}.Debug|Any CPU.ActiveCfg = Debug|Any CPU
		{A757E721-94AD-4FDC-863D-C061A6A82783}.Debug|Any CPU.Build.0 = Debug|Any CPU
		{A757E721-94AD-4FDC-863D-C061A6A82783}.Release|Any CPU.ActiveCfg = Release|Any CPU
		{A757E721-94AD-4FDC-863D-C061A6A82783}.Release|Any CPU.Build.0 = Release|Any CPU
	EndGlobalSection
	GlobalSection(SolutionProperties) = preSolution
		HideSolutionNode = FALSE
	EndGlobalSection
	GlobalSection(ExtensibilityGlobals) = postSolution
		SolutionGuid = {0CCF5021-AD7D-4768-9C54-AE2BE1D51172}
	EndGlobalSection
EndGlobal
